{
  "name": "youtube-trending-videos",
  "version": "1.0.0",
  "lockfileVersion": 1,
  "requires": true,
  "dependencies": {
    "ansi-bgblack": {
      "version": "0.1.1",
      "resolved": "https://registry.npmjs.org/ansi-bgblack/-/ansi-bgblack-0.1.1.tgz",
      "integrity": "sha1-poulAHiHcBtqr74/oNrf36juPKI=",
      "requires": {
        "ansi-wrap": "0.1.0"
      }
    },
    "ansi-bgblue": {
      "version": "0.1.1",
      "resolved": "https://registry.npmjs.org/ansi-bgblue/-/ansi-bgblue-0.1.1.tgz",
      "integrity": "sha1-Z73ATtybm1J4lp2hlt6j11yMNhM=",
      "requires": {
        "ansi-wrap": "0.1.0"
      }
    },
    "ansi-bgcyan": {
      "version": "0.1.1",
      "resolved": "https://registry.npmjs.org/ansi-bgcyan/-/ansi-bgcyan-0.1.1.tgz",
      "integrity": "sha1-WEiUJWAL3p9VBwaN2Wnr/bUP52g=",
      "requires": {
        "ansi-wrap": "0.1.0"
      }
    },
    "ansi-bggreen": {
      "version": "0.1.1",
      "resolved": "https://registry.npmjs.org/ansi-bggreen/-/ansi-bggreen-0.1.1.tgz",
      "integrity": "sha1-TjGRJIUplD9DIelr8THRwTgWr0k=",
      "requires": {
        "ansi-wrap": "0.1.0"
      }
    },
    "ansi-bgmagenta": {
      "version": "0.1.1",
      "resolved": "https://registry.npmjs.org/ansi-bgmagenta/-/ansi-bgmagenta-0.1.1.tgz",
      "integrity": "sha1-myhDLAduqpmUGGcqPvvhk5HCx6E=",
      "requires": {
        "ansi-wrap": "0.1.0"
      }
    },
    "ansi-bgred": {
      "version": "0.1.1",
      "resolved": "https://registry.npmjs.org/ansi-bgred/-/ansi-bgred-0.1.1.tgz",
      "integrity": "sha1-p2+Sg4OCukMpCmwXeEJPmE1vEEE=",
      "requires": {
        "ansi-wrap": "0.1.0"
      }
    },
    "ansi-bgwhite": {
      "version": "0.1.1",
      "resolved": "https://registry.npmjs.org/ansi-bgwhite/-/ansi-bgwhite-0.1.1.tgz",
      "integrity": "sha1-ZQRlE3elim7OzQMxmU5IAljhG6g=",
      "requires": {
        "ansi-wrap": "0.1.0"
      }
    },
    "ansi-bgyellow": {
      "version": "0.1.1",
      "resolved": "https://registry.npmjs.org/ansi-bgyellow/-/ansi-bgyellow-0.1.1.tgz",
      "integrity": "sha1-w/4usIzUdmSAKeaHTRWgs49h1E8=",
      "requires": {
        "ansi-wrap": "0.1.0"
      }
    },
    "ansi-black": {
      "version": "0.1.1",
      "resolved": "https://registry.npmjs.org/ansi-black/-/ansi-black-0.1.1.tgz",
      "integrity": "sha1-9hheiJNgslRaHsUMC/Bj/EMDJFM=",
      "requires": {
        "ansi-wrap": "0.1.0"
      }
    },
    "ansi-blue": {
      "version": "0.1.1",
      "resolved": "https://registry.npmjs.org/ansi-blue/-/ansi-blue-0.1.1.tgz",
      "integrity": "sha1-FbgEmQ6S/JyoxUds6PaZd3wh7b8=",
      "requires": {
        "ansi-wrap": "0.1.0"
      }
    },
    "ansi-bold": {
      "version": "0.1.1",
      "resolved": "https://registry.npmjs.org/ansi-bold/-/ansi-bold-0.1.1.tgz",
      "integrity": "sha1-PmOVCvWswq4uZw5vZ96xFdGl9QU=",
      "requires": {
        "ansi-wrap": "0.1.0"
      }
    },
    "ansi-colors": {
      "version": "0.1.0",
      "resolved": "https://registry.npmjs.org/ansi-colors/-/ansi-colors-0.1.0.tgz",
      "integrity": "sha1-M0rDbNPq1wjeXGnhmpjRhkImtD8=",
      "requires": {
        "ansi-bgblack": "^0.1.1",
        "ansi-bgblue": "^0.1.1",
        "ansi-bgcyan": "^0.1.1",
        "ansi-bggreen": "^0.1.1",
        "ansi-bgmagenta": "^0.1.1",
        "ansi-bgred": "^0.1.1",
        "ansi-bgwhite": "^0.1.1",
        "ansi-bgyellow": "^0.1.1",
        "ansi-black": "^0.1.1",
        "ansi-blue": "^0.1.1",
        "ansi-bold": "^0.1.1",
        "ansi-cyan": "^0.1.1",
        "ansi-dim": "^0.1.1",
        "ansi-gray": "^0.1.1",
        "ansi-green": "^0.1.1",
        "ansi-grey": "^0.1.1",
        "ansi-hidden": "^0.1.1",
        "ansi-inverse": "^0.1.1",
        "ansi-italic": "^0.1.1",
        "ansi-magenta": "^0.1.1",
        "ansi-red": "^0.1.1",
        "ansi-reset": "^0.1.1",
        "ansi-strikethrough": "^0.1.1",
        "ansi-underline": "^0.1.1",
        "ansi-white": "^0.1.1",
        "ansi-yellow": "^0.1.1",
        "lazy-cache": "^0.2.4"
      }
    },
    "ansi-cyan": {
      "version": "0.1.1",
      "resolved": "https://registry.npmjs.org/ansi-cyan/-/ansi-cyan-0.1.1.tgz",
      "integrity": "sha1-U4rlKK+JgvKK4w2G8vF0VtJgmHM=",
      "requires": {
        "ansi-wrap": "0.1.0"
      }
    },
    "ansi-dim": {
      "version": "0.1.1",
      "resolved": "https://registry.npmjs.org/ansi-dim/-/ansi-dim-0.1.1.tgz",
      "integrity": "sha1-QN5MYDqoCG2Oeoa4/5mNXDbu/Ww=",
      "requires": {
        "ansi-wrap": "0.1.0"
      }
    },
    "ansi-gray": {
      "version": "0.1.1",
      "resolved": "https://registry.npmjs.org/ansi-gray/-/ansi-gray-0.1.1.tgz",
      "integrity": "sha1-KWLPVOyXksSFEKPetSRDaGHvclE=",
      "requires": {
        "ansi-wrap": "0.1.0"
      }
    },
    "ansi-green": {
      "version": "0.1.1",
      "resolved": "https://registry.npmjs.org/ansi-green/-/ansi-green-0.1.1.tgz",
      "integrity": "sha1-il2al55FjVfEDjNYCzc5C44Q0Pc=",
      "requires": {
        "ansi-wrap": "0.1.0"
      }
    },
    "ansi-grey": {
      "version": "0.1.1",
      "resolved": "https://registry.npmjs.org/ansi-grey/-/ansi-grey-0.1.1.tgz",
      "integrity": "sha1-WdmLasK6GfilF5jphT+6eDOaM8E=",
      "requires": {
        "ansi-wrap": "0.1.0"
      }
    },
    "ansi-hidden": {
      "version": "0.1.1",
      "resolved": "https://registry.npmjs.org/ansi-hidden/-/ansi-hidden-0.1.1.tgz",
      "integrity": "sha1-7WpMSY0rt8uyidvyqNHcyFZ/rg8=",
      "requires": {
        "ansi-wrap": "0.1.0"
      }
    },
    "ansi-inverse": {
      "version": "0.1.1",
      "resolved": "https://registry.npmjs.org/ansi-inverse/-/ansi-inverse-0.1.1.tgz",
      "integrity": "sha1-tq9Fgm/oJr+1KKbHmIV5Q1XM0mk=",
      "requires": {
        "ansi-wrap": "0.1.0"
      }
    },
    "ansi-italic": {
      "version": "0.1.1",
      "resolved": "https://registry.npmjs.org/ansi-italic/-/ansi-italic-0.1.1.tgz",
      "integrity": "sha1-EEdDRj9iXBQqA2c5z4XtpoiYbyM=",
      "requires": {
        "ansi-wrap": "0.1.0"
      }
    },
    "ansi-magenta": {
      "version": "0.1.1",
      "resolved": "https://registry.npmjs.org/ansi-magenta/-/ansi-magenta-0.1.1.tgz",
      "integrity": "sha1-BjtboW+z8j4c/aKwfAqJ3hHkMK4=",
      "requires": {
        "ansi-wrap": "0.1.0"
      }
    },
    "ansi-red": {
      "version": "0.1.1",
      "resolved": "https://registry.npmjs.org/ansi-red/-/ansi-red-0.1.1.tgz",
      "integrity": "sha1-jGOPnRCAgAo1PJwoyKgcpHBdlGw=",
      "requires": {
        "ansi-wrap": "0.1.0"
      }
    },
    "ansi-reset": {
      "version": "0.1.1",
      "resolved": "https://registry.npmjs.org/ansi-reset/-/ansi-reset-0.1.1.tgz",
      "integrity": "sha1-5+cSksPH3c1NYu9KbHwFmAkRw7c=",
      "requires": {
        "ansi-wrap": "0.1.0"
      }
    },
    "ansi-strikethrough": {
      "version": "0.1.1",
      "resolved": "https://registry.npmjs.org/ansi-strikethrough/-/ansi-strikethrough-0.1.1.tgz",
      "integrity": "sha1-2Eh3FAss/wfRyT685pkE9oiF5Wg=",
      "requires": {
        "ansi-wrap": "0.1.0"
      }
    },
    "ansi-underline": {
      "version": "0.1.1",
      "resolved": "https://registry.npmjs.org/ansi-underline/-/ansi-underline-0.1.1.tgz",
      "integrity": "sha1-38kg9Ml7WXfqFi34/7mIMIqqcaQ=",
      "requires": {
        "ansi-wrap": "0.1.0"
      }
    },
    "ansi-white": {
      "version": "0.1.1",
      "resolved": "https://registry.npmjs.org/ansi-white/-/ansi-white-0.1.1.tgz",
      "integrity": "sha1-nHe3wZPF7pkuYBHTbsTJIbRXiUQ=",
      "requires": {
        "ansi-wrap": "0.1.0"
      }
    },
    "ansi-wrap": {
      "version": "0.1.0",
      "resolved": "https://registry.npmjs.org/ansi-wrap/-/ansi-wrap-0.1.0.tgz",
      "integrity": "sha1-qCJQ3bABXponyoLoLqYDu/pF768="
    },
    "ansi-yellow": {
      "version": "0.1.1",
      "resolved": "https://registry.npmjs.org/ansi-yellow/-/ansi-yellow-0.1.1.tgz",
      "integrity": "sha1-y5NW8vRscy8OMZnmEClVp32oPB0=",
      "requires": {
        "ansi-wrap": "0.1.0"
      }
    },
    "bluebird": {
      "version": "3.5.1",
      "resolved": "https://registry.npmjs.org/bluebird/-/bluebird-3.5.1.tgz",
      "integrity": "sha512-MKiLiV+I1AA596t9w1sQJ8jkiSr5+ZKi0WKrYGUn6d1Fx+Ij4tIj+m2WMQSGczs5jZVxV339chE8iwk6F64wjA=="
    },
    "bson": {
      "version": "1.0.6",
      "resolved": "https://registry.npmjs.org/bson/-/bson-1.0.6.tgz",
      "integrity": "sha512-D8zmlb46xfuK2gGvKmUjIklQEouN2nQ0LEHHeZ/NoHM2LDiMk2EYzZ5Ntw/Urk+bgMDosOZxaRzXxvhI5TcAVQ=="
    },
    "csvtojson": {
      "version": "2.0.0",
      "resolved": "https://registry.npmjs.org/csvtojson/-/csvtojson-2.0.0.tgz",
      "integrity": "sha1-aI6GZUCBS+1tmhZIzjG9O4pNVw8=",
      "requires": {
        "bluebird": "^3.5.1",
        "lodash": "^4.17.3",
        "strip-bom": "^2.0.0"
      }
    },
    "error-symbol": {
      "version": "0.1.0",
      "resolved": "https://registry.npmjs.org/error-symbol/-/error-symbol-0.1.0.tgz",
      "integrity": "sha1-Ck2uN9YA0VopukU9jvkg8YRDM/Y="
    },
    "extend-shallow": {
      "version": "2.0.1",
      "resolved": "https://registry.npmjs.org/extend-shallow/-/extend-shallow-2.0.1.tgz",
      "integrity": "sha1-Ua99YUrZqfYQ6huvu5idaxxWiQ8=",
      "requires": {
        "is-extendable": "^0.1.0"
      }
    },
    "info-symbol": {
      "version": "0.1.0",
      "resolved": "https://registry.npmjs.org/info-symbol/-/info-symbol-0.1.0.tgz",
      "integrity": "sha1-J4QdcoZ920JCzWEtecEGM4gcang="
    },
    "is-buffer": {
      "version": "1.1.6",
      "resolved": "https://registry.npmjs.org/is-buffer/-/is-buffer-1.1.6.tgz",
      "integrity": "sha512-NcdALwpXkTm5Zvvbk7owOUSvVvBKDgKP5/ewfXEznmQFfs4ZRmanOeKBTjRVjka3QFoN6XJ+9F3USqfHqTaU5w=="
    },
    "is-extendable": {
      "version": "0.1.1",
      "resolved": "https://registry.npmjs.org/is-extendable/-/is-extendable-0.1.1.tgz",
      "integrity": "sha1-YrEQ4omkcUGOPsNqYX1HLjAd/Ik="
    },
    "is-number": {
      "version": "2.1.0",
      "resolved": "https://registry.npmjs.org/is-number/-/is-number-2.1.0.tgz",
      "integrity": "sha1-Afy7s5NGOlSPL0ZszhbezknbkI8=",
      "requires": {
        "kind-of": "^3.0.2"
      }
    },
    "is-utf8": {
      "version": "0.2.1",
      "resolved": "https://registry.npmjs.org/is-utf8/-/is-utf8-0.2.1.tgz",
      "integrity": "sha1-Sw2hRCEE0bM2NA6AeX6GXPOffXI="
    },
    "kind-of": {
      "version": "3.2.2",
      "resolved": "https://registry.npmjs.org/kind-of/-/kind-of-3.2.2.tgz",
      "integrity": "sha1-MeohpzS6ubuw8yRm2JOupR5KPGQ=",
      "requires": {
        "is-buffer": "^1.1.5"
      }
    },
    "lazy-cache": {
      "version": "0.2.7",
      "resolved": "https://registry.npmjs.org/lazy-cache/-/lazy-cache-0.2.7.tgz",
      "integrity": "sha1-f+3fLctu23fRHvHRF6tf/fCrG2U="
    },
    "lodash": {
      "version": "4.17.10",
      "resolved": "https://registry.npmjs.org/lodash/-/lodash-4.17.10.tgz",
      "integrity": "sha512-UejweD1pDoXu+AD825lWwp4ZGtSwgnpZxb3JDViD7StjQz+Nb/6l093lx4OQ0foGWNRoc19mWy7BzL+UAK2iVg=="
    },
    "log-ok": {
      "version": "0.1.1",
      "resolved": "https://registry.npmjs.org/log-ok/-/log-ok-0.1.1.tgz",
      "integrity": "sha1-vqPdNqzQuKckDXhza1uXxlREozQ=",
      "requires": {
        "ansi-green": "^0.1.1",
        "success-symbol": "^0.1.0"
      }
    },
    "log-utils": {
      "version": "0.1.5",
      "resolved": "https://registry.npmjs.org/log-utils/-/log-utils-0.1.5.tgz",
      "integrity": "sha1-3g84+Vf0zW69Xctoddijua4HT3c=",
      "requires": {
        "ansi-colors": "^0.1.0",
        "error-symbol": "^0.1.0",
        "info-symbol": "^0.1.0",
        "log-ok": "^0.1.1",
        "success-symbol": "^0.1.0",
        "time-stamp": "^1.0.1",
        "warning-symbol": "^0.1.0"
      }
    },
    "mongodb": {
      "version": "3.1.0-beta4",
      "resolved": "https://registry.npmjs.org/mongodb/-/mongodb-3.1.0-beta4.tgz",
      "integrity": "sha512-nJAK59fFlMWTdEJaTyGp3HeerkIahnupoMNjbszPJVnO63/36aFnlWHqpYrrJwj9GKlmb47YWBIvNo6fdrUL4Q==",
      "requires": {
        "mongodb-core": "3.1.0-beta4"
      }
    },
    "mongodb-core": {
      "version": "3.1.0-beta4",
      "resolved": "https://registry.npmjs.org/mongodb-core/-/mongodb-core-3.1.0-beta4.tgz",
      "integrity": "sha512-aiwUKBGmFZwBx4CdC1iK5kjZyk0zhDxQ0edRtpTZUkk1jyWkdzYd6GEA6wMl7O6ZX/dOiFM2ujkrUR7+vkqJPw==",
      "requires": {
        "bson": "~1.0.4",
        "require_optional": "^1.0.1",
        "saslprep": "^1.0.0"
      }
    },
    "nanoseconds": {
      "version": "0.1.0",
      "resolved": "https://registry.npmjs.org/nanoseconds/-/nanoseconds-0.1.0.tgz",
      "integrity": "sha1-aew5/NAOd6s6ct4KQzQoJM15Izo="
    },
    "pretty-time": {
      "version": "0.2.0",
      "resolved": "https://registry.npmjs.org/pretty-time/-/pretty-time-0.2.0.tgz",
      "integrity": "sha1-ejvexAScYgzXxCt/NCt01W5z104=",
      "requires": {
        "is-number": "^2.0.2",
        "nanoseconds": "^0.1.0"
      }
    },
    "require_optional": {
      "version": "1.0.1",
      "resolved": "https://registry.npmjs.org/require_optional/-/require_optional-1.0.1.tgz",
      "integrity": "sha512-qhM/y57enGWHAe3v/NcwML6a3/vfESLe/sGM2dII+gEO0BpKRUkWZow/tyloNqJyN6kXSl3RyyM8Ll5D/sJP8g==",
      "requires": {
        "resolve-from": "^2.0.0",
        "semver": "^5.1.0"
      }
    },
    "resolve-from": {
      "version": "2.0.0",
      "resolved": "https://registry.npmjs.org/resolve-from/-/resolve-from-2.0.0.tgz",
      "integrity": "sha1-lICrIOlP+h2egKgEx+oUdhGWa1c="
    },
    "saslprep": {
      "version": "1.0.0",
      "resolved": "https://registry.npmjs.org/saslprep/-/saslprep-1.0.0.tgz",
      "integrity": "sha512-5lvKUEQ7lAN5/vPl5d3k8FQeDbEamu9kizfATfLLWV5h6Mkh1xcieR1FSsJkcSRUk49lF2tAW8gzXWVwtwZVhw==",
      "optional": true
    },
    "semver": {
      "version": "5.5.0",
      "resolved": "https://registry.npmjs.org/semver/-/semver-5.5.0.tgz",
      "integrity": "sha512-4SJ3dm0WAwWy/NVeioZh5AntkdJoWKxHxcmyP622fOkgHa4z3R0TdBJICINyaSDE6uNwVc8gZr+ZinwZAH4xIA=="
    },
    "strip-bom": {
      "version": "2.0.0",
      "resolved": "https://registry.npmjs.org/strip-bom/-/strip-bom-2.0.0.tgz",
      "integrity": "sha1-YhmoVhZSBJHzV4i9vxRHqZx+aw4=",
      "requires": {
        "is-utf8": "^0.2.0"
      }
    },
    "success-symbol": {
      "version": "0.1.0",
      "resolved": "https://registry.npmjs.org/success-symbol/-/success-symbol-0.1.0.tgz",
      "integrity": "sha1-JAIuSG878c3KCUKDt2nEctO3KJc="
    },
    "time-diff": {
      "version": "0.3.1",
      "resolved": "https://registry.npmjs.org/time-diff/-/time-diff-0.3.1.tgz",
      "integrity": "sha1-Jej7c07qnmy15LA5TwWBC5yHwtg=",
      "requires": {
        "extend-shallow": "^2.0.1",
        "is-number": "^2.1.0",
        "log-utils": "^0.1.0",
        "pretty-time": "^0.2.0"
      }
    },
    "time-stamp": {
      "version": "1.1.0",
      "resolved": "https://registry.npmjs.org/time-stamp/-/time-stamp-1.1.0.tgz",
      "integrity": "sha1-dkpaEa9QVhkhsTPztE5hhofg9cM="
    },
    "warning-symbol": {
      "version": "0.1.0",
      "resolved": "https://registry.npmjs.org/warning-symbol/-/warning-symbol-0.1.0.tgz",
      "integrity": "sha1-uzHdEbeg+dZ6su2V9Fe2WCW7rSE="
    }
  }
}
